{
  "name": "@publira/monorepo",
  "version": "0.1.0",
  "lockfileVersion": 3,
  "requires": true,
  "packages": {
    "": {
      "name": "@publira/monorepo",
      "version": "0.1.0",
      "license": "Apache-2.0",
      "devDependencies": {
        "oxfmt": "0.47.0",
        "oxlint": "1.59.0",
        "ultracite": "7.4.4"
      }
    },
    "node_modules/@clack/core": {
      "version": "1.2.0",
      "resolved": "https://registry.npmjs.org/@clack/core/-/core-1.2.0.tgz",
      "integrity": "sha512-qfxof/3T3t9DPU/Rj3OmcFyZInceqj/NVtO9rwIuJqCUgh32gwPjpFQQp/ben07qKlhpwq7GzfWpST4qdJ5Drg==",
      "dev": true,
      "license": "MIT",
      "dependencies": {
        "fast-wrap-ansi": "^0.1.3",
        "sisteransi": "^1.0.5"
      }
    },
    "node_modules/@clack/prompts": {
      "version": "1.2.0",
      "resolved": "https://registry.npmjs.org/@clack/prompts/-/prompts-1.2.0.tgz",
      "integrity": "sha512-4jmztR9fMqPMjz6H/UZXj0zEmE43ha1euENwkckKKel4XpSfokExPo5AiVStdHSAlHekz4d0CA/r45Ok1E4D3w==",
      "dev": true,
      "license": "MIT",
      "dependencies": {
        "@clack/core": "1.2.0",
        "fast-string-width": "^1.1.0",
        "fast-wrap-ansi": "^0.1.3",
        "sisteransi": "^1.0.5"
      }
    },
    "node_modules/@oxfmt/binding-android-arm-eabi": {
      "version": "0.47.0",
      "resolved": "https://registry.npmjs.org/@oxfmt/binding-android-arm-eabi/-/binding-android-arm-eabi-0.47.0.tgz",
      "integrity": "sha512-KrMQRdMi/upr81qT4ijK6X6BNp6jqpMY7FwILQnwIy9QLc3qpnhUx5rsCLGzn4ewsCQ0CNAspN2ogmP1GXLyLw==",
      "cpu": [
        "arm"
      ],
      "dev": true,
      "license": "MIT",
      "optional": true,
      "os": [
        "android"
      ],
      "engines": {
        "node": "^20.19.0 || >=22.12.0"
      }
    },
    "node_modules/@oxfmt/binding-android-arm64": {
      "version": "0.47.0",
      "resolved": "https://registry.npmjs.org/@oxfmt/binding-android-arm64/-/binding-android-arm64-0.47.0.tgz",
      "integrity": "sha512-r4ixS/PeUpAFKgrpDoZ5pSkthjZzVzKd95525Aazj+aOv9H4ulK5zYHGb7wFY5n5kZxHK8TbOJUZgoEb1ohddQ==",
      "cpu": [
        "arm64"
      ],
      "dev": true,
      "license": "MIT",
      "optional": true,
      "os": [
        "android"
      ],
      "engines": {
        "node": "^20.19.0 || >=22.12.0"
      }
    },
    "node_modules/@oxfmt/binding-darwin-arm64": {
      "version": "0.47.0",
      "resolved": "https://registry.npmjs.org/@oxfmt/binding-darwin-arm64/-/binding-darwin-arm64-0.47.0.tgz",
      "integrity": "sha512-CLWxiKpMl+195cm09CuaWEhJK0CirRkoMa07aR9+9AFPat2LfIKtwx1JqxZM0MTvcMe6+adlJNdVL6jdInvq3g==",
      "cpu": [
        "arm64"
      ],
      "dev": true,
      "license": "MIT",
      "optional": true,
      "os": [
        "darwin"
      ],
      "engines": {
        "node": "^20.19.0 || >=22.12.0"
      }
    },
    "node_modules/@oxfmt/binding-darwin-x64": {
      "version": "0.47.0",
      "resolved": "https://registry.npmjs.org/@oxfmt/binding-darwin-x64/-/binding-darwin-x64-0.47.0.tgz",
      "integrity": "sha512-Xq5fjTYDC50faUeLSm0rZdBqoTgleXEdD7NpJdARtQIczkCJn3xNjMUSQQkUmh4CtxkKTNL68lytcOK3e/osgg==",
      "cpu": [
        "x64"
      ],
      "dev": true,
      "license": "MIT",
      "optional": true,
      "os": [
        "darwin"
      ],
      "engines": {
        "node": "^20.19.0 || >=22.12.0"
      }
    },
    "node_modules/@oxfmt/binding-freebsd-x64": {
      "version": "0.47.0",
      "resolved": "https://registry.npmjs.org/@oxfmt/binding-freebsd-x64/-/binding-freebsd-x64-0.47.0.tgz",
      "integrity": "sha512-QOU9ZIJ52p5askcEC0QJvvr8trHAWoonul8bgISo6gYUL3s50zkqafBYcNAr9LJZQbsZtPfIWHk9+5+nUp1qJQ==",
      "cpu": [
        "x64"
      ],
      "dev": true,
      "license": "MIT",
      "optional": true,
      "os": [
        "freebsd"
      ],
      "engines": {
        "node": "^20.19.0 || >=22.12.0"
      }
    },
    "node_modules/@oxfmt/binding-linux-arm-gnueabihf": {
      "version": "0.47.0",
      "resolved": "https://registry.npmjs.org/@oxfmt/binding-linux-arm-gnueabihf/-/binding-linux-arm-gnueabihf-0.47.0.tgz",
      "integrity": "sha512-oJxDM1aBhPvz9gmElBv8UpxyiqhwfjcbrSxT5F0xtuUzY6dQI27/AQPIt3eu3Z5Yvn0kQl5R7MA3Z+MbnRvCBw==",
      "cpu": [
        "arm"
      ],
      "dev": true,
      "license": "MIT",
      "optional": true,
      "os": [
        "linux"
      ],
      "engines": {
        "node": "^20.19.0 || >=22.12.0"
      }
    },
    "node_modules/@oxfmt/binding-linux-arm-musleabihf": {
      "version": "0.47.0",
      "resolved": "https://registry.npmjs.org/@oxfmt/binding-linux-arm-musleabihf/-/binding-linux-arm-musleabihf-0.47.0.tgz",
      "integrity": "sha512-g8Lh50VS4ibGz2q6v7r9UZY4D0dM16SdrFYOMzhqIoCwGcai8VMIRUAcqn1/jlCsOOzUXJ741+kCeJt0cofakQ==",
      "cpu": [
        "arm"
      ],
      "dev": true,
      "license": "MIT",
      "optional": true,
      "os": [
        "linux"
      ],
      "engines": {
        "node": "^20.19.0 || >=22.12.0"
      }
    },
    "node_modules/@oxfmt/binding-linux-arm64-gnu": {
      "version": "0.47.0",
      "resolved": "https://registry.npmjs.org/@oxfmt/binding-linux-arm64-gnu/-/binding-linux-arm64-gnu-0.47.0.tgz",
      "integrity": "sha512-YrNT1vQ0asaXoRbrvYENPqmBfOQ9Xr8enPNOULeYfg44VjCcrUowFy5QZr+WawE0zyP8cH9e9Gxxg0fDEFzhcg==",
      "cpu": [
        "arm64"
      ],
      "dev": true,
      "libc": [
        "glibc"
      ],
      "license": "MIT",
      "optional": true,
      "os": [
        "linux"
      ],
      "engines": {
        "node": "^20.19.0 || >=22.12.0"
      }
    },
    "node_modules/@oxfmt/binding-linux-arm64-musl": {
      "version": "0.47.0",
      "resolved": "https://registry.npmjs.org/@oxfmt/binding-linux-arm64-musl/-/binding-linux-arm64-musl-0.47.0.tgz",
      "integrity": "sha512-IxtQC/sbBi4ubbY+MdwdanRWrG9InQJVZqyMsBa5IUaQcnSg86gQme574HxXMC1p4bo4YhV99zQ+wNnGCvEgzw==",
      "cpu": [
        "arm64"
      ],
      "dev": true,
      "libc": [
        "musl"
      ],
      "license": "MIT",
      "optional": true,
      "os": [
        "linux"
      ],
      "engines": {
        "node": "^20.19.0 || >=22.12.0"
      }
    },
    "node_modules/@oxfmt/binding-linux-ppc64-gnu": {
      "version": "0.47.0",
      "resolved": "https://registry.npmjs.org/@oxfmt/binding-linux-ppc64-gnu/-/binding-linux-ppc64-gnu-0.47.0.tgz",
      "integrity": "sha512-EWXEhOMbWO0q6eJSbu0QLkU8cKi0ljlYLngeDs2Ocu/pm1rrLwyQiYzlFbdnMRURI4w9ndr1sI9rSbhlJ5o23Q==",
      "cpu": [
        "ppc64"
      ],
      "dev": true,
      "libc": [
        "glibc"
      ],
      "license": "MIT",
      "optional": true,
      "os": [
        "linux"
      ],
      "engines": {
        "node": "^20.19.0 || >=22.12.0"
      }
    },
    "node_modules/@oxfmt/binding-linux-riscv64-gnu": {
      "version": "0.47.0",
      "resolved": "https://registry.npmjs.org/@oxfmt/binding-linux-riscv64-gnu/-/binding-linux-riscv64-gnu-0.47.0.tgz",
      "integrity": "sha512-tZrjS11TUiDuEpRaqdk8K9F9xETRyKXfuZKmdeW+Gj7coBnm7+8sBEfyt033EAFEQSlkniAXvBLh+Qja2ioGBQ==",
      "cpu": [
        "riscv64"
      ],
      "dev": true,
      "libc": [
        "glibc"
      ],
      "license": "MIT",
      "optional": true,
      "os": [
        "linux"
      ],
      "engines": {
        "node": "^20.19.0 || >=22.12.0"
      }
    },
    "node_modules/@oxfmt/binding-linux-riscv64-musl": {
      "version": "0.47.0",
      "resolved": "https://registry.npmjs.org/@oxfmt/binding-linux-riscv64-musl/-/binding-linux-riscv64-musl-0.47.0.tgz",
      "integrity": "sha512-KBFy+2CFKUCZzYwX2ZOPQKck1vjQbz+hextuc19G4r0WRJwadfAeuQMQRQvB+Ivc8brlbOVg7et8K7E467440g==",
      "cpu": [
        "riscv64"
      ],
      "dev": true,
      "libc": [
        "musl"
      ],
      "license": "MIT",
      "optional": true,
      "os": [
        "linux"
      ],
      "engines": {
        "node": "^20.19.0 || >=22.12.0"
      }
    },
    "node_modules/@oxfmt/binding-linux-s390x-gnu": {
      "version": "0.47.0",
      "resolved": "https://registry.npmjs.org/@oxfmt/binding-linux-s390x-gnu/-/binding-linux-s390x-gnu-0.47.0.tgz",
      "integrity": "sha512-REUPFKVGSiK99B+9eaPhluEVglzaoj/SMykNC5SUiV2RSsBfV5lWN7Y0iCIc251Wz3GaeAGZsJ/zj3gjarxdFg==",
      "cpu": [
        "s390x"
      ],
      "dev": true,
      "libc": [
        "glibc"
      ],
      "license": "MIT",
      "optional": true,
      "os": [
        "linux"
      ],
      "engines": {
        "node": "^20.19.0 || >=22.12.0"
      }
    },
    "node_modules/@oxfmt/binding-linux-x64-gnu": {
      "version": "0.47.0",
      "resolved": "https://registry.npmjs.org/@oxfmt/binding-linux-x64-gnu/-/binding-linux-x64-gnu-0.47.0.tgz",
      "integrity": "sha512-KVftVSVEDeIfRW3TIeLe3aNI/iY4m1fu5mDwHcisKMZSCMKLkrhFsjowC7o9RoqNPxbbglm2+/6KAKBIts2t0Q==",
      "cpu": [
        "x64"
      ],
      "dev": true,
      "libc": [
        "glibc"
      ],
      "license": "MIT",
      "optional": true,
      "os": [
        "linux"
      ],
      "engines": {
        "node": "^20.19.0 || >=22.12.0"
      }
    },
    "node_modules/@oxfmt/binding-linux-x64-musl": {
      "version": "0.47.0",
      "resolved": "https://registry.npmjs.org/@oxfmt/binding-linux-x64-musl/-/binding-linux-x64-musl-0.47.0.tgz",
      "integrity": "sha512-DTsmGEaA2860Aq5VUyDO8/MT9NFxwVL93RnRYmpMwK6DsSkThmvEpqoUDDljziEpAedMRG19SCogrNbINSbLUQ==",
      "cpu": [
        "x64"
      ],
      "dev": true,
      "libc": [
        "musl"
      ],
      "license": "MIT",
      "optional": true,
      "os": [
        "linux"
      ],
      "engines": {
        "node": "^20.19.0 || >=22.12.0"
      }
    },
    "node_modules/@oxfmt/binding-openharmony-arm64": {
      "version": "0.47.0",
      "resolved": "https://registry.npmjs.org/@oxfmt/binding-openharmony-arm64/-/binding-openharmony-arm64-0.47.0.tgz",
      "integrity": "sha512-8r5BDro7fLOBoq1JXHLVSs55OlrxQhEso4HVo0TcY7OXJUPYfjPoOaYL5us+yIwqyP9rQwN+rxuiNFSmaxSuOQ==",
      "cpu": [
        "arm64"
      ],
      "dev": true,
      "license": "MIT",
      "optional": true,
      "os": [
        "openharmony"
      ],
      "engines": {
        "node": "^20.19.0 || >=22.12.0"
      }
    },
    "node_modules/@oxfmt/binding-win32-arm64-msvc": {
      "version": "0.47.0",
      "resolved": "https://registry.npmjs.org/@oxfmt/binding-win32-arm64-msvc/-/binding-win32-arm64-msvc-0.47.0.tgz",
      "integrity": "sha512-qtz/gzm8IjSPUlseZ0ofW8zyHLoZsuP5HTfcGGkWkUblB89JT8GNYH3ICqjbDsqsGqXum0/ZndXTFplSdXFIcg==",
      "cpu": [
        "arm64"
      ],
      "dev": true,
      "license": "MIT",
      "optional": true,
      "os": [
        "win32"
      ],
      "engines": {
        "node": "^20.19.0 || >=22.12.0"
      }
    },
    "node_modules/@oxfmt/binding-win32-ia32-msvc": {
      "version": "0.47.0",
      "resolved": "https://registry.npmjs.org/@oxfmt/binding-win32-ia32-msvc/-/binding-win32-ia32-msvc-0.47.0.tgz",
      "integrity": "sha512-5vIcdcIDE7nCx+MXN6sm8kbC4zajDB31E86rez4i45iHNH/2NjdKlJ720xcHTr3eeiMcttCGPHPhE1TjtBDGZw==",
      "cpu": [
        "ia32"
      ],
      "dev": true,
      "license": "MIT",
      "optional": true,
      "os": [
        "win32"
      ],
      "engines": {
        "node": "^20.19.0 || >=22.12.0"
      }
    },
    "node_modules/@oxfmt/binding-win32-x64-msvc": {
      "version": "0.47.0",
      "resolved": "https://registry.npmjs.org/@oxfmt/binding-win32-x64-msvc/-/binding-win32-x64-msvc-0.47.0.tgz",
      "integrity": "sha512-Sr59Y5ms54ONBjxFeWhVlGyQcHXxcl9DxC23f6yXlRkcos7LXBLoO+KDfxexjHIOZh7cWqrWduzvUjJ+pHp8cQ==",
      "cpu": [
        "x64"
      ],
      "dev": true,
      "license": "MIT",
      "optional": true,
      "os": [
        "win32"
      ],
      "engines": {
        "node": "^20.19.0 || >=22.12.0"
      }
    },
    "node_modules/@oxlint/binding-android-arm-eabi": {
      "version": "1.59.0",
      "resolved": "https://registry.npmjs.org/@oxlint/binding-android-arm-eabi/-/binding-android-arm-eabi-1.59.0.tgz",
      "integrity": "sha512-etYDw/UaEv936AQUd/CRMBVd+e+XuuU6wC+VzOv1STvsTyZenLChepLWqLtnyTTp4YMlM22ypzogDDwqYxv5cg==",
      "cpu": [
        "arm"
      ],
      "dev": true,
      "license": "MIT",
      "optional": true,
      "os": [
        "android"
      ],
      "engines": {
        "node": "^20.19.0 || >=22.12.0"
      }
    },
    "node_modules/@oxlint/binding-android-arm64": {
      "version": "1.59.0",
      "resolved": "https://registry.npmjs.org/@oxlint/binding-android-arm64/-/binding-android-arm64-1.59.0.tgz",
      "integrity": "sha512-TgLc7XVLKH2a4h8j3vn1MDjfK33i9MY60f/bKhRGWyVzbk5LCZ4X01VZG7iHrMmi5vYbAp8//Ponigx03CLsdw==",
      "cpu": [
        "arm64"
      ],
      "dev": true,
      "license": "MIT",
      "optional": true,
      "os": [
        "android"
      ],
      "engines": {
        "node": "^20.19.0 || >=22.12.0"
      }
    },
    "node_modules/@oxlint/binding-darwin-arm64": {
      "version": "1.59.0",
      "resolved": "https://registry.npmjs.org/@oxlint/binding-darwin-arm64/-/binding-darwin-arm64-1.59.0.tgz",
      "integrity": "sha512-DXyFPf5ZKldMLloRHx/B9fsxsiTQomaw7cmEW3YIJko2HgCh+GUhp9gGYwHrqlLJPsEe3dYj9JebjX92D3j3AA==",
      "cpu": [
        "arm64"
      ],
      "dev": true,
      "license": "MIT",
      "optional": true,
      "os": [
        "darwin"
      ],
      "engines": {
        "node": "^20.19.0 || >=22.12.0"
      }
    },
    "node_modules/@oxlint/binding-darwin-x64": {
      "version": "1.59.0",
      "resolved": "https://registry.npmjs.org/@oxlint/binding-darwin-x64/-/binding-darwin-x64-1.59.0.tgz",
      "integrity": "sha512-LgvrsdgVLX1qWqIEmNsSmMXJhpAWdtUQ0M+oR0CySwi+9IHWyOGuIL8w8+u/kbZNMyZr4WUyYB5i0+D+AKgkLg==",
      "cpu": [
        "x64"
      ],
      "dev": true,
      "license": "MIT",
      "optional": true,
      "os": [
        "darwin"
      ],
      "engines": {
        "node": "^20.19.0 || >=22.12.0"
      }
    },
    "node_modules/@oxlint/binding-freebsd-x64": {
      "version": "1.59.0",
      "resolved": "https://registry.npmjs.org/@oxlint/binding-freebsd-x64/-/binding-freebsd-x64-1.59.0.tgz",
      "integrity": "sha512-bOJhqX/ny4hrFuTPlyk8foSRx/vLRpxJh0jOOKN2NWW6FScXHPAA5rQbrwdQPcgGB5V8Ua51RS03fke8ssBcug==",
      "cpu": [
        "x64"
      ],
      "dev": true,
      "license": "MIT",
      "optional": true,
      "os": [
        "freebsd"
      ],
      "engines": {
        "node": "^20.19.0 || >=22.12.0"
      }
    },
    "node_modules/@oxlint/binding-linux-arm-gnueabihf": {
      "version": "1.59.0",
      "resolved": "https://registry.npmjs.org/@oxlint/binding-linux-arm-gnueabihf/-/binding-linux-arm-gnueabihf-1.59.0.tgz",
      "integrity": "sha512-vVUXxYMF9trXCsz4m9H6U0IjehosVHxBzVgJUxly1uz4W1PdDyicaBnpC0KRXsHYretLVe+uS9pJy8iM57Kujw==",
      "cpu": [
        "arm"
      ],
      "dev": true,
      "license": "MIT",
      "optional": true,
      "os": [
        "linux"
      ],
      "engines": {
        "node": "^20.19.0 || >=22.12.0"
      }
    },
    "node_modules/@oxlint/binding-linux-arm-musleabihf": {
      "version": "1.59.0",
      "resolved": "https://registry.npmjs.org/@oxlint/binding-linux-arm-musleabihf/-/binding-linux-arm-musleabihf-1.59.0.tgz",
      "integrity": "sha512-TULQW8YBPGRWg5yZpFPL54HLOnJ3/HiX6VenDPi6YfxB/jlItwSMFh3/hCeSNbh+DAMaE1Py0j5MOaivHkI/9Q==",
      "cpu": [
        "arm"
      ],
      "dev": true,
      "license": "MIT",
      "optional": true,
      "os": [
        "linux"
      ],
      "engines": {
        "node": "^20.19.0 || >=22.12.0"
      }
    },
    "node_modules/@oxlint/binding-linux-arm64-gnu": {
      "version": "1.59.0",
      "resolved": "https://registry.npmjs.org/@oxlint/binding-linux-arm64-gnu/-/binding-linux-arm64-gnu-1.59.0.tgz",
      "integrity": "sha512-Gt54Y4eqSgYJ90xipm24xeyaPV854706o/kiT8oZvUt3VDY7qqxdqyGqchMaujd87ib+/MXvnl9WkK8Cc1BExg==",
      "cpu": [
        "arm64"
      ],
      "dev": true,
      "libc": [
        "glibc"
      ],
      "license": "MIT",
      "optional": true,
      "os": [
        "linux"
      ],
      "engines": {
        "node": "^20.19.0 || >=22.12.0"
      }
    },
    "node_modules/@oxlint/binding-linux-arm64-musl": {
      "version": "1.59.0",
      "resolved": "https://registry.npmjs.org/@oxlint/binding-linux-arm64-musl/-/binding-linux-arm64-musl-1.59.0.tgz",
      "integrity": "sha512-3CtsKp7NFB3OfqQzbuAecrY7GIZeiv7AD+xutU4tefVQzlfmTI7/ygWLrvkzsDEjTlMq41rYHxgsn6Yh8tybmA==",
      "cpu": [
        "arm64"
      ],
      "dev": true,
      "libc": [
        "musl"
      ],
      "license": "MIT",
      "optional": true,
      "os": [
        "linux"
      ],
      "engines": {
        "node": "^20.19.0 || >=22.12.0"
      }
    },
    "node_modules/@oxlint/binding-linux-ppc64-gnu": {
      "version": "1.59.0",
      "resolved": "https://registry.npmjs.org/@oxlint/binding-linux-ppc64-gnu/-/binding-linux-ppc64-gnu-1.59.0.tgz",
      "integrity": "sha512-K0diOpT3ncDmOfl9I1HuvpEsAuTxkts0VYwIv/w6Xiy9CdwyPBVX88Ga9l8VlGgMrwBMnSY4xIvVlVY/fkQk7Q==",
      "cpu": [
        "ppc64"
      ],
      "dev": true,
      "libc": [
        "glibc"
      ],
      "license": "MIT",
      "optional": true,
      "os": [
        "linux"
      ],
      "engines": {
        "node": "^20.19.0 || >=22.12.0"
      }
    },
    "node_modules/@oxlint/binding-linux-riscv64-gnu": {
      "version": "1.59.0",
      "resolved": "https://registry.npmjs.org/@oxlint/binding-linux-riscv64-gnu/-/binding-linux-riscv64-gnu-1.59.0.tgz",
      "integrity": "sha512-xAU7+QDU6kTJJ7mJLOGgo7oOjtAtkKyFZ0Yjdb5cEo3DiCCPFLvyr08rWiQh6evZ7RiUTf+o65NY/bqttzJiQQ==",
      "cpu": [
        "riscv64"
      ],
      "dev": true,
      "libc": [
        "glibc"
      ],
      "license": "MIT",
      "optional": true,
      "os": [
        "linux"
      ],
      "engines": {
        "node": "^20.19.0 || >=22.12.0"
      }
    },
    "node_modules/@oxlint/binding-linux-riscv64-musl": {
      "version": "1.59.0",
      "resolved": "https://registry.npmjs.org/@oxlint/binding-linux-riscv64-musl/-/binding-linux-riscv64-musl-1.59.0.tgz",
      "integrity": "sha512-KUmZmKlTTyauOnvUNVxK7G40sSSx0+w5l1UhaGsC6KPpOYHenx2oqJTnabmpLJicok7IC+3Y6fXAUOMyexaeJQ==",
      "cpu": [
        "riscv64"
      ],
      "dev": true,
      "libc": [
        "musl"
      ],
      "license": "MIT",
      "optional": true,
      "os": [
        "linux"
      ],
      "engines": {
        "node": "^20.19.0 || >=22.12.0"
      }
    },
    "node_modules/@oxlint/binding-linux-s390x-gnu": {
      "version": "1.59.0",
      "resolved": "https://registry.npmjs.org/@oxlint/binding-linux-s390x-gnu/-/binding-linux-s390x-gnu-1.59.0.tgz",
      "integrity": "sha512-4usRxC8gS0PGdkHnRmwJt/4zrQNZyk6vL0trCxwZSsAKM+OxhB8nKiR+mhjdBbl8lbMh2gc3bZpNN/ik8c4c2A==",
      "cpu": [
        "s390x"
      ],
      "dev": true,
      "libc": [
        "glibc"
      ],
      "license": "MIT",
      "optional": true,
      "os": [
        "linux"
      ],
      "engines": {
        "node": "^20.19.0 || >=22.12.0"
      }
    },
    "node_modules/@oxlint/binding-linux-x64-gnu": {
      "version": "1.59.0",
      "resolved": "https://registry.npmjs.org/@oxlint/binding-linux-x64-gnu/-/binding-linux-x64-gnu-1.59.0.tgz",
      "integrity": "sha512-s/rNE2gDmbwAOOP493xk2X7M8LZfI1LJFSSW1+yanz3vuQCFPiHkx4GY+O1HuLUDtkzGlhtMrIcxxzyYLv308w==",
      "cpu": [
        "x64"
      ],
      "dev": true,
      "libc": [
        "glibc"
      ],
      "license": "MIT",
      "optional": true,
      "os": [
        "linux"
      ],
      "engines": {
        "node": "^20.19.0 || >=22.12.0"
      }
    },
    "node_modules/@oxlint/binding-linux-x64-musl": {
      "version": "1.59.0",
      "resolved": "https://registry.npmjs.org/@oxlint/binding-linux-x64-musl/-/binding-linux-x64-musl-1.59.0.tgz",
      "integrity": "sha512-+yYj1udJa2UvvIUmEm0IcKgc0UlPMgz0nsSTvkPL2y6n0uU5LgIHSwVu4AHhrve6j9BpVSoRksnz8c9QcvITJA==",
      "cpu": [
        "x64"
      ],
      "dev": true,
      "libc": [
        "musl"
      ],
      "license": "MIT",
      "optional": true,
      "os": [
        "linux"
      ],
      "engines": {
        "node": "^20.19.0 || >=22.12.0"
      }
    },
    "node_modules/@oxlint/binding-openharmony-arm64": {
      "version": "1.59.0",
      "resolved": "https://registry.npmjs.org/@oxlint/binding-openharmony-arm64/-/binding-openharmony-arm64-1.59.0.tgz",
      "integrity": "sha512-bUplUb48LYsB3hHlQXP2ZMOenpieWoOyppLAnnAhuPag3MGPnt+7caxE3w/Vl9wpQsTA3gzLntQi9rxWrs7Xqg==",
      "cpu": [
        "arm64"
      ],
      "dev": true,
      "license": "MIT",
      "optional": true,
      "os": [
        "openharmony"
      ],
      "engines": {
        "node": "^20.19.0 || >=22.12.0"
      }
    },
    "node_modules/@oxlint/binding-win32-arm64-msvc": {
      "version": "1.59.0",
      "resolved": "https://registry.npmjs.org/@oxlint/binding-win32-arm64-msvc/-/binding-win32-arm64-msvc-1.59.0.tgz",
      "integrity": "sha512-/HLsLuz42rWl7h7ePdmMTpHm2HIDmPtcEMYgm5BBEHiEiuNOrzMaUpd2z7UnNni5LGN9obJy2YoAYBLXQwazrA==",
      "cpu": [
        "arm64"
      ],
      "dev": true,
      "license": "MIT",
      "optional": true,
      "os": [
        "win32"
      ],
      "engines": {
        "node": "^20.19.0 || >=22.12.0"
      }
    },
    "node_modules/@oxlint/binding-win32-ia32-msvc": {
      "version": "1.59.0",
      "resolved": "https://registry.npmjs.org/@oxlint/binding-win32-ia32-msvc/-/binding-win32-ia32-msvc-1.59.0.tgz",
      "integrity": "sha512-rUPy+JnanpPwV/aJCPnxAD1fW50+XPI0VkWr7f0vEbqcdsS8NpB24Rw6RsS7SdpFv8Dw+8ugCwao5nCFbqOUSg==",
      "cpu": [
        "ia32"
      ],
      "dev": true,
      "license": "MIT",
      "optional": true,
      "os": [
        "win32"
      ],
      "engines": {
        "node": "^20.19.0 || >=22.12.0"
      }
    },
    "node_modules/@oxlint/binding-win32-x64-msvc": {
      "version": "1.59.0",
      "resolved": "https://registry.npmjs.org/@oxlint/binding-win32-x64-msvc/-/binding-win32-x64-msvc-1.59.0.tgz",
      "integrity": "sha512-xkE7puteDS/vUyRngLXW0t8WgdWoS/tfxXjhP/P7SMqPDx+hs44SpssO3h3qmTqECYEuXBUPzcAw5257Ka+ofA==",
      "cpu": [
        "x64"
      ],
      "dev": true,
      "license": "MIT",
      "optional": true,
      "os": [
        "win32"
      ],
      "engines": {
        "node": "^20.19.0 || >=22.12.0"
      }
    },
    "node_modules/balanced-match": {
      "version": "4.0.4",
      "resolved": "https://registry.npmjs.org/balanced-match/-/balanced-match-4.0.4.tgz",
      "integrity": "sha512-BLrgEcRTwX2o6gGxGOCNyMvGSp35YofuYzw9h1IMTRmKqttAZZVU67bdb9Pr2vUHA8+j3i2tJfjO6C6+4myGTA==",
      "dev": true,
      "license": "MIT",
      "engines": {
        "node": "18 || 20 || >=22"
      }
    },
    "node_modules/brace-expansion": {
      "version": "5.0.5",
      "resolved": "https://registry.npmjs.org/brace-expansion/-/brace-expansion-5.0.5.tgz",
      "integrity": "sha512-VZznLgtwhn+Mact9tfiwx64fA9erHH/MCXEUfB/0bX/6Fz6ny5EGTXYltMocqg4xFAQZtnO3DHWWXi8RiuN7cQ==",
      "dev": true,
      "license": "MIT",
      "dependencies": {
        "balanced-match": "^4.0.2"
      },
      "engines": {
        "node": "18 || 20 || >=22"
      }
    },
    "node_modules/citty": {
      "version": "0.2.2",
      "resolved": "https://registry.npmjs.org/citty/-/citty-0.2.2.tgz",
      "integrity": "sha512-+6vJA3L98yv+IdfKGZHBNiGW5KHn22e/JwID0Strsz8h4S/csAu/OuICwxrg44k5MRiZHWIo8XXuJgQTriRP4w==",
      "dev": true,
      "license": "MIT"
    },
    "node_modules/commander": {
      "version": "14.0.3",
      "resolved": "https://registry.npmjs.org/commander/-/commander-14.0.3.tgz",
      "integrity": "sha512-H+y0Jo/T1RZ9qPP4Eh1pkcQcLRglraJaSLoyOtHxu6AapkjWVCy2Sit1QQ4x3Dng8qDlSsZEet7g5Pq06MvTgw==",
      "dev": true,
      "license": "MIT",
      "engines": {
        "node": ">=20"
      }
    },
    "node_modules/cross-spawn": {
      "version": "7.0.6",
      "resolved": "https://registry.npmjs.org/cross-spawn/-/cross-spawn-7.0.6.tgz",
      "integrity": "sha512-uV2QOWP2nWzsy2aMp8aRibhi9dlzF5Hgh5SHaB9OiTGEyDTiJJyx0uy51QXdyWbtAHNua4XJzUKca3OzKUd3vA==",
      "dev": true,
      "license": "MIT",
      "dependencies": {
        "path-key": "^3.1.0",
        "shebang-command": "^2.0.0",
        "which": "^2.0.1"
      },
      "engines": {
        "node": ">= 8"
      }
    },
    "node_modules/deepmerge": {
      "version": "4.3.1",
      "resolved": "https://registry.npmjs.org/deepmerge/-/deepmerge-4.3.1.tgz",
      "integrity": "sha512-3sUqbMEc77XqpdNO7FRyRog+eW3ph+GYCbj+rK+uYyRMuwsVy0rMiVtPn+QJlKFvWP/1PYpapqYn0Me2knFn+A==",
      "dev": true,
      "license": "MIT",
      "engines": {
        "node": ">=0.10.0"
      }
    },
    "node_modules/fast-string-truncated-width": {
      "version": "1.2.1",
      "resolved": "https://registry.npmjs.org/fast-string-truncated-width/-/fast-string-truncated-width-1.2.1.tgz",
      "integrity": "sha512-Q9acT/+Uu3GwGj+5w/zsGuQjh9O1TyywhIwAxHudtWrgF09nHOPrvTLhQevPbttcxjr/SNN7mJmfOw/B1bXgow==",
      "dev": true,
      "license": "MIT"
    },
    "node_modules/fast-string-width": {
      "version": "1.1.0",
      "resolved": "https://registry.npmjs.org/fast-string-width/-/fast-string-width-1.1.0.tgz",
      "integrity": "sha512-O3fwIVIH5gKB38QNbdg+3760ZmGz0SZMgvwJbA1b2TGXceKE6A2cOlfogh1iw8lr049zPyd7YADHy+B7U4W9bQ==",
      "dev": true,
      "license": "MIT",
      "dependencies": {
        "fast-string-truncated-width": "^1.2.0"
      }
    },
    "node_modules/fast-wrap-ansi": {
      "version": "0.1.6",
      "resolved": "https://registry.npmjs.org/fast-wrap-ansi/-/fast-wrap-ansi-0.1.6.tgz",
      "integrity": "sha512-HlUwET7a5gqjURj70D5jl7aC3Zmy4weA1SHUfM0JFI0Ptq987NH2TwbBFLoERhfwk+E+eaq4EK3jXoT+R3yp3w==",
      "dev": true,
      "license": "MIT",
      "dependencies": {
        "fast-string-width": "^1.1.0"
      }
    },
    "node_modules/glob": {
      "version": "13.0.6",
      "resolved": "https://registry.npmjs.org/glob/-/glob-13.0.6.tgz",
      "integrity": "sha512-Wjlyrolmm8uDpm/ogGyXZXb1Z+Ca2B8NbJwqBVg0axK9GbBeoS7yGV6vjXnYdGm6X53iehEuxxbyiKp8QmN4Vw==",
      "dev": true,
      "license": "BlueOak-1.0.0",
      "dependencies": {
        "minimatch": "^10.2.2",
        "minipass": "^7.1.3",
        "path-scurry": "^2.0.2"
      },
      "engines": {
        "node": "18 || 20 || >=22"
      },
      "funding": {
        "url": "https://github.com/sponsors/isaacs"
      }
    },
    "node_modules/isexe": {
      "version": "2.0.0",
      "resolved": "https://registry.npmjs.org/isexe/-/isexe-2.0.0.tgz",
      "integrity": "sha512-RHxMLp9lnKHGHRng9QFhRCMbYAcVpn69smSGcq3f36xjgVVWThj4qqLbTLlq7Ssj8B+fIQ1EuCEGI2lKsyQeIw==",
      "dev": true,
      "license": "ISC"
    },
    "node_modules/jsonc-parser": {
      "version": "3.3.1",
      "resolved": "https://registry.npmjs.org/jsonc-parser/-/jsonc-parser-3.3.1.tgz",
      "integrity": "sha512-HUgH65KyejrUFPvHFPbqOY0rsFip3Bo5wb4ngvdi1EpCYWUQDC5V+Y7mZws+DLkr4M//zQJoanu1SP+87Dv1oQ==",
      "dev": true,
      "license": "MIT"
    },
    "node_modules/lru-cache": {
      "version": "11.3.3",
      "resolved": "https://registry.npmjs.org/lru-cache/-/lru-cache-11.3.3.tgz",
      "integrity": "sha512-JvNw9Y81y33E+BEYPr0U7omo+U9AySnsMsEiXgwT6yqd31VQWTLNQqmT4ou5eqPFUrTfIDFta2wKhB1hyohtAQ==",
      "dev": true,
      "license": "BlueOak-1.0.0",
      "engines": {
        "node": "20 || >=22"
      }
    },
    "node_modules/minimatch": {
      "version": "10.2.5",
      "resolved": "https://registry.npmjs.org/minimatch/-/minimatch-10.2.5.tgz",
      "integrity": "sha512-MULkVLfKGYDFYejP07QOurDLLQpcjk7Fw+7jXS2R2czRQzR56yHRveU5NDJEOviH+hETZKSkIk5c+T23GjFUMg==",
      "dev": true,
      "license": "BlueOak-1.0.0",
      "dependencies": {
        "brace-expansion": "^5.0.5"
      },
      "engines": {
        "node": "18 || 20 || >=22"
      },
      "funding": {
        "url": "https://github.com/sponsors/isaacs"
      }
    },
    "node_modules/minipass": {
      "version": "7.1.3",
      "resolved": "https://registry.npmjs.org/minipass/-/minipass-7.1.3.tgz",
      "integrity": "sha512-tEBHqDnIoM/1rXME1zgka9g6Q2lcoCkxHLuc7ODJ5BxbP5d4c2Z5cGgtXAku59200Cx7diuHTOYfSBD8n6mm8A==",
      "dev": true,
      "license": "BlueOak-1.0.0",
      "engines": {
        "node": ">=16 || 14 >=14.17"
      }
    },
    "node_modules/nypm": {
      "version": "0.6.5",
      "resolved": "https://registry.npmjs.org/nypm/-/nypm-0.6.5.tgz",
      "integrity": "sha512-K6AJy1GMVyfyMXRVB88700BJqNUkByijGJM8kEHpLdcAt+vSQAVfkWWHYzuRXHSY6xA2sNc5RjTj0p9rE2izVQ==",
      "dev": true,
      "license": "MIT",
      "dependencies": {
        "citty": "^0.2.0",
        "pathe": "^2.0.3",
        "tinyexec": "^1.0.2"
      },
      "bin": {
        "nypm": "dist/cli.mjs"
      },
      "engines": {
        "node": ">=18"
      }
    },
    "node_modules/oxfmt": {
      "version": "0.47.0",
      "resolved": "https://registry.npmjs.org/oxfmt/-/oxfmt-0.47.0.tgz",
      "integrity": "sha512-OFbkbzxKCpooQEnRmpTDnuwTX8KHXzZTQ4Df/hz85fpS67Pl+lxPEFvUtin56HIIS0B1k4X8oIzTXRZPufA2CA==",
      "dev": true,
      "license": "MIT",
      "dependencies": {
        "tinypool": "2.1.0"
      },
      "bin": {
        "oxfmt": "bin/oxfmt"
      },
      "engines": {
        "node": "^20.19.0 || >=22.12.0"
      },
      "funding": {
        "url": "https://github.com/sponsors/Boshen"
      },
      "optionalDependencies": {
        "@oxfmt/binding-android-arm-eabi": "0.47.0",
        "@oxfmt/binding-android-arm64": "0.47.0",
        "@oxfmt/binding-darwin-arm64": "0.47.0",
        "@oxfmt/binding-darwin-x64": "0.47.0",
        "@oxfmt/binding-freebsd-x64": "0.47.0",
        "@oxfmt/binding-linux-arm-gnueabihf": "0.47.0",
        "@oxfmt/binding-linux-arm-musleabihf": "0.47.0",
        "@oxfmt/binding-linux-arm64-gnu": "0.47.0",
        "@oxfmt/binding-linux-arm64-musl": "0.47.0",
        "@oxfmt/binding-linux-ppc64-gnu": "0.47.0",
        "@oxfmt/binding-linux-riscv64-gnu": "0.47.0",
        "@oxfmt/binding-linux-riscv64-musl": "0.47.0",
        "@oxfmt/binding-linux-s390x-gnu": "0.47.0",
        "@oxfmt/binding-linux-x64-gnu": "0.47.0",
        "@oxfmt/binding-linux-x64-musl": "0.47.0",
        "@oxfmt/binding-openharmony-arm64": "0.47.0",
        "@oxfmt/binding-win32-arm64-msvc": "0.47.0",
        "@oxfmt/binding-win32-ia32-msvc": "0.47.0",
        "@oxfmt/binding-win32-x64-msvc": "0.47.0"
      }
    },
    "node_modules/oxlint": {
      "version": "1.59.0",
      "resolved": "https://registry.npmjs.org/oxlint/-/oxlint-1.59.0.tgz",
      "integrity": "sha512-0xBLeGGjP4vD9pygRo8iuOkOzEU1MqOnfiOl7KYezL/QvWL8NUg6n03zXc7ZVqltiOpUxBk2zgHI3PnRIEdAvw==",
      "dev": true,
      "license": "MIT",
      "bin": {
        "oxlint": "bin/oxlint"
      },
      "engines": {
        "node": "^20.19.0 || >=22.12.0"
      },
      "funding": {
        "url": "https://github.com/sponsors/Boshen"
      },
      "optionalDependencies": {
        "@oxlint/binding-android-arm-eabi": "1.59.0",
        "@oxlint/binding-android-arm64": "1.59.0",
        "@oxlint/binding-darwin-arm64": "1.59.0",
        "@oxlint/binding-darwin-x64": "1.59.0",
        "@oxlint/binding-freebsd-x64": "1.59.0",
        "@oxlint/binding-linux-arm-gnueabihf": "1.59.0",
        "@oxlint/binding-linux-arm-musleabihf": "1.59.0",
        "@oxlint/binding-linux-arm64-gnu": "1.59.0",
        "@oxlint/binding-linux-arm64-musl": "1.59.0",
        "@oxlint/binding-linux-ppc64-gnu": "1.59.0",
        "@oxlint/binding-linux-riscv64-gnu": "1.59.0",
        "@oxlint/binding-linux-riscv64-musl": "1.59.0",
        "@oxlint/binding-linux-s390x-gnu": "1.59.0",
        "@oxlint/binding-linux-x64-gnu": "1.59.0",
        "@oxlint/binding-linux-x64-musl": "1.59.0",
        "@oxlint/binding-openharmony-arm64": "1.59.0",
        "@oxlint/binding-win32-arm64-msvc": "1.59.0",
        "@oxlint/binding-win32-ia32-msvc": "1.59.0",
        "@oxlint/binding-win32-x64-msvc": "1.59.0"
      },
      "peerDependencies": {
        "oxlint-tsgolint": ">=0.18.0"
      },
      "peerDependenciesMeta": {
        "oxlint-tsgolint": {
          "optional": true
        }
      }
    },
    "node_modules/path-key": {
      "version": "3.1.1",
      "resolved": "https://registry.npmjs.org/path-key/-/path-key-3.1.1.tgz",
      "integrity": "sha512-ojmeN0qd+y0jszEtoY48r0Peq5dwMEkIlCOu6Q5f41lfkswXuKtYrhgoTpLnyIcHm24Uhqx+5Tqm2InSwLhE6Q==",
      "dev": true,
      "license": "MIT",
      "engines": {
        "node": ">=8"
      }
    },
    "node_modules/path-scurry": {
      "version": "2.0.2",
      "resolved": "https://registry.npmjs.org/path-scurry/-/path-scurry-2.0.2.tgz",
      "integrity": "sha512-3O/iVVsJAPsOnpwWIeD+d6z/7PmqApyQePUtCndjatj/9I5LylHvt5qluFaBT3I5h3r1ejfR056c+FCv+NnNXg==",
      "dev": true,
      "license": "BlueOak-1.0.0",
      "dependencies": {
        "lru-cache": "^11.0.0",
        "minipass": "^7.1.2"
      },
      "engines": {
        "node": "18 || 20 || >=22"
      },
      "funding": {
        "url": "https://github.com/sponsors/isaacs"
      }
    },
    "node_modules/pathe": {
      "version": "2.0.3",
      "resolved": "https://registry.npmjs.org/pathe/-/pathe-2.0.3.tgz",
      "integrity": "sha512-WUjGcAqP1gQacoQe+OBJsFA7Ld4DyXuUIjZ5cc75cLHvJ7dtNsTugphxIADwspS+AraAUePCKrSVtPLFj/F88w==",
      "dev": true,
      "license": "MIT"
    },
    "node_modules/shebang-command": {
      "version": "2.0.0",
      "resolved": "https://registry.npmjs.org/shebang-command/-/shebang-command-2.0.0.tgz",
      "integrity": "sha512-kHxr2zZpYtdmrN1qDjrrX/Z1rR1kG8Dx+gkpK1G4eXmvXswmcE1hTWBWYUzlraYw1/yZp6YuDY77YtvbN0dmDA==",
      "dev": true,
      "license": "MIT",
      "dependencies": {
        "shebang-regex": "^3.0.0"
      },
      "engines": {
        "node": ">=8"
      }
    },
    "node_modules/shebang-regex": {
      "version": "3.0.0",
      "resolved": "https://registry.npmjs.org/shebang-regex/-/shebang-regex-3.0.0.tgz",
      "integrity": "sha512-7++dFhtcx3353uBaq8DDR4NuxBetBzC7ZQOhmTQInHEd6bSrXdiEyzCvG07Z44UYdLShWUyXt5M/yhz8ekcb1A==",
      "dev": true,
      "license": "MIT",
      "engines": {
        "node": ">=8"
      }
    },
    "node_modules/sisteransi": {
      "version": "1.0.5",
      "resolved": "https://registry.npmjs.org/sisteransi/-/sisteransi-1.0.5.tgz",
      "integrity": "sha512-bLGGlR1QxBcynn2d5YmDX4MGjlZvy2MRBDRNHLJ8VI6l6+9FUiyTFNJ0IveOSP0bcXgVDPRcfGqA0pjaqUpfVg==",
      "dev": true,
      "license": "MIT"
    },
    "node_modules/tinyexec": {
      "version": "1.1.1",
      "resolved": "https://registry.npmjs.org/tinyexec/-/tinyexec-1.1.1.tgz",
      "integrity": "sha512-VKS/ZaQhhkKFMANmAOhhXVoIfBXblQxGX1myCQ2faQrfmobMftXeJPcZGp0gS07ocvGJWDLZGyOZDadDBqYIJg==",
      "dev": true,
      "license": "MIT",
      "engines": {
        "node": ">=18"
      }
    },
    "node_modules/tinypool": {
      "version": "2.1.0",
      "resolved": "https://registry.npmjs.org/tinypool/-/tinypool-2.1.0.tgz",
      "integrity": "sha512-Pugqs6M0m7Lv1I7FtxN4aoyToKg1C4tu+/381vH35y8oENM/Ai7f7C4StcoK4/+BSw9ebcS8jRiVrORFKCALLw==",
      "dev": true,
      "license": "MIT",
      "engines": {
        "node": "^20.0.0 || >=22.0.0"
      }
    },
    "node_modules/ultracite": {
      "version": "7.4.4",
      "resolved": "https://registry.npmjs.org/ultracite/-/ultracite-7.4.4.tgz",
      "integrity": "sha512-/IbNxt7+2KDTNd70VhAiJWIkWE+CRUt0rxKS7iUJKoWFGVuKAoQVvn30RwoZ7d5Qb4EFjgZYs+i97NTq4FzuPg==",
      "dev": true,
      "license": "MIT",
      "dependencies": {
        "@clack/prompts": "^1.2.0",
        "commander": "^14.0.3",
        "cross-spawn": "^7.0.6",
        "deepmerge": "^4.3.1",
        "glob": "^13.0.6",
        "jsonc-parser": "^3.3.1",
        "nypm": "^0.6.5"
      },
      "bin": {
        "ultracite": "dist/index.js"
      },
      "peerDependencies": {
        "oxlint": "^1.0.0"
      },
      "peerDependenciesMeta": {
        "oxlint": {
          "optional": true
        }
      }
    },
    "node_modules/which": {
      "version": "2.0.2",
      "resolved": "https://registry.npmjs.org/which/-/which-2.0.2.tgz",
      "integrity": "sha512-BLI3Tl1TW3Pvl70l3yq3Y64i+awpwXqsGBYWkkqMtnbXgrMD+yj7rhW0kuEDxzJaYXGjEW5ogapKNMEKNMjibA==",
      "dev": true,
      "license": "ISC",
      "dependencies": {
        "isexe": "^2.0.0"
      },
      "bin": {
        "node-which": "bin/node-which"
      },
      "engines": {
        "node": ">= 8"
      }
    }
  }
}
