{
  "name": "@publira/monorepo",
  "version": "0.1.0",
  "lockfileVersion": 3,
  "requires": true,
  "packages": {
    "": {
      "name": "@publira/monorepo",
      "version": "0.1.0",
      "license": "Apache-2.0",
      "devDependencies": {
        "oxfmt": "0.63.0",
        "oxlint": "1.78.0",
        "ultracite": "7.10.2"
      }
    },
    "node_modules/@clack/core": {
      "version": "1.4.3",
      "resolved": "https://registry.npmjs.org/@clack/core/-/core-1.4.3.tgz",
      "integrity": "sha512-/kr3UWNtdJfxZtPgDqUOmG2pvwlmcLGheex5yiZKdwbzZJxhV+HMNR9QNmyY5cGwTNV6LrR7Jtp+KjhUAP1qBQ==",
      "dev": true,
      "license": "MIT",
      "dependencies": {
        "fast-wrap-ansi": "^0.2.0",
        "sisteransi": "^1.0.5"
      },
      "engines": {
        "node": ">= 20.12.0"
      }
    },
    "node_modules/@clack/prompts": {
      "version": "1.7.0",
      "resolved": "https://registry.npmjs.org/@clack/prompts/-/prompts-1.7.0.tgz",
      "integrity": "sha512-y7/yvZ2TPAnR9+jnc00klvNNLkJiXFFrQA/hlLCcxA9a2A4zQIOimyFQ9XfwYKiGD1fb5GY8vbKIIgO8d5Tb2A==",
      "dev": true,
      "license": "MIT",
      "dependencies": {
        "@clack/core": "1.4.3",
        "fast-string-width": "^3.0.2",
        "fast-wrap-ansi": "^0.2.0",
        "sisteransi": "^1.0.5"
      },
      "engines": {
        "node": ">= 20.12.0"
      }
    },
    "node_modules/@oxfmt/binding-android-arm-eabi": {
      "version": "0.63.0",
      "resolved": "https://registry.npmjs.org/@oxfmt/binding-android-arm-eabi/-/binding-android-arm-eabi-0.63.0.tgz",
      "integrity": "sha512-YmRth4ZPGgEXcgmkhvANbC9uD67dxmSobW7DQuyt5tOBOKvPnIpk5SVHBj88E+7wMNRI2FhqaDbOhQFBix+b8A==",
      "cpu": [
        "arm"
      ],
      "dev": true,
      "license": "MIT",
      "optional": true,
      "os": [
        "android"
      ],
      "engines": {
        "node": "^20.19.0 || >=22.12.0"
      }
    },
    "node_modules/@oxfmt/binding-android-arm64": {
      "version": "0.63.0",
      "resolved": "https://registry.npmjs.org/@oxfmt/binding-android-arm64/-/binding-android-arm64-0.63.0.tgz",
      "integrity": "sha512-icbahX8X2X3sRamOMecvdYeZXWjPDazRDIfvWfy7Ca1nc/ZDT2Y9k5Nt7s46EqFd7NQPdgk+CM3/SgIT5LPCaQ==",
      "cpu": [
        "arm64"
      ],
      "dev": true,
      "license": "MIT",
      "optional": true,
      "os": [
        "android"
      ],
      "engines": {
        "node": "^20.19.0 || >=22.12.0"
      }
    },
    "node_modules/@oxfmt/binding-darwin-arm64": {
      "version": "0.63.0",
      "resolved": "https://registry.npmjs.org/@oxfmt/binding-darwin-arm64/-/binding-darwin-arm64-0.63.0.tgz",
      "integrity": "sha512-WV+Ze5v5gI2qoj8jpAovt8KBTW8pjEz/AiMXXjeTQS+Bmf/MmZXTS40S8xNPDszX+W8WDv2Bbk6qKrMTtUGu1A==",
      "cpu": [
        "arm64"
      ],
      "dev": true,
      "license": "MIT",
      "optional": true,
      "os": [
        "darwin"
      ],
      "engines": {
        "node": "^20.19.0 || >=22.12.0"
      }
    },
    "node_modules/@oxfmt/binding-darwin-x64": {
      "version": "0.63.0",
      "resolved": "https://registry.npmjs.org/@oxfmt/binding-darwin-x64/-/binding-darwin-x64-0.63.0.tgz",
      "integrity": "sha512-CJGSBdDxXOWIpoFXHpverimCvz084KA7L483rqJ44c3jDtzv6d4qOSoR/V9ywSHfV+Ks1lwIj2P49BFhunLNAA==",
      "cpu": [
        "x64"
      ],
      "dev": true,
      "license": "MIT",
      "optional": true,
      "os": [
        "darwin"
      ],
      "engines": {
        "node": "^20.19.0 || >=22.12.0"
      }
    },
    "node_modules/@oxfmt/binding-freebsd-x64": {
      "version": "0.63.0",
      "resolved": "https://registry.npmjs.org/@oxfmt/binding-freebsd-x64/-/binding-freebsd-x64-0.63.0.tgz",
      "integrity": "sha512-BDfKY+KhL2078cgswBBFQPAYuxCy93bS/iC5frdSeSbTLcGrR6VC2hsuPTanoJmg84+wSyWl0wWC1eR+uTnkRg==",
      "cpu": [
        "x64"
      ],
      "dev": true,
      "license": "MIT",
      "optional": true,
      "os": [
        "freebsd"
      ],
      "engines": {
        "node": "^20.19.0 || >=22.12.0"
      }
    },
    "node_modules/@oxfmt/binding-linux-arm-gnueabihf": {
      "version": "0.63.0",
      "resolved": "https://registry.npmjs.org/@oxfmt/binding-linux-arm-gnueabihf/-/binding-linux-arm-gnueabihf-0.63.0.tgz",
      "integrity": "sha512-Ov1cQEXT4mj7cojAokWSS1eoxkoyvbDfAbxNsGIKY2o36kvdAaFzPxRN6NxFRk9fD72B8oCoTTX/NuYTUWlpsg==",
      "cpu": [
        "arm"
      ],
      "dev": true,
      "license": "MIT",
      "optional": true,
      "os": [
        "linux"
      ],
      "engines": {
        "node": "^20.19.0 || >=22.12.0"
      }
    },
    "node_modules/@oxfmt/binding-linux-arm-musleabihf": {
      "version": "0.63.0",
      "resolved": "https://registry.npmjs.org/@oxfmt/binding-linux-arm-musleabihf/-/binding-linux-arm-musleabihf-0.63.0.tgz",
      "integrity": "sha512-0LE7ro3+6L79jcMANycAZfRaC7zxr9YZ2+vEL5uMD9QlEep+rS/r1kSJsnuLl991NXJZD60euh0PC1GHrR20vw==",
      "cpu": [
        "arm"
      ],
      "dev": true,
      "license": "MIT",
      "optional": true,
      "os": [
        "linux"
      ],
      "engines": {
        "node": "^20.19.0 || >=22.12.0"
      }
    },
    "node_modules/@oxfmt/binding-linux-arm64-gnu": {
      "version": "0.63.0",
      "resolved": "https://registry.npmjs.org/@oxfmt/binding-linux-arm64-gnu/-/binding-linux-arm64-gnu-0.63.0.tgz",
      "integrity": "sha512-izPk+2Z4gjuZK32Fqh5qXoMpT/2NXzLh++ob57HiEiVSQZ1iYXu8EKMzb+K5AvWyIEXhdDIt7ADjGGtFhkT9Bw==",
      "cpu": [
        "arm64"
      ],
      "dev": true,
      "libc": [
        "glibc"
      ],
      "license": "MIT",
      "optional": true,
      "os": [
        "linux"
      ],
      "engines": {
        "node": "^20.19.0 || >=22.12.0"
      }
    },
    "node_modules/@oxfmt/binding-linux-arm64-musl": {
      "version": "0.63.0",
      "resolved": "https://registry.npmjs.org/@oxfmt/binding-linux-arm64-musl/-/binding-linux-arm64-musl-0.63.0.tgz",
      "integrity": "sha512-alPmbOuWXFXiSo+lOtv6X71C7SYMEDW2WVvywOvf9BwKgEhSNGhMTLeFVSjKUMCamcjbbgVdsWF8GN1uy8xshg==",
      "cpu": [
        "arm64"
      ],
      "dev": true,
      "libc": [
        "musl"
      ],
      "license": "MIT",
      "optional": true,
      "os": [
        "linux"
      ],
      "engines": {
        "node": "^20.19.0 || >=22.12.0"
      }
    },
    "node_modules/@oxfmt/binding-linux-ppc64-gnu": {
      "version": "0.63.0",
      "resolved": "https://registry.npmjs.org/@oxfmt/binding-linux-ppc64-gnu/-/binding-linux-ppc64-gnu-0.63.0.tgz",
      "integrity": "sha512-BdzCPvolJc4AWZ+YMzgUDJcDzbQWrFjYuqBHoNHNqP1aCaluQRJNs4k3vNU5IG7vTpjf9zeD73D7MFM1TecZpg==",
      "cpu": [
        "ppc64"
      ],
      "dev": true,
      "libc": [
        "glibc"
      ],
      "license": "MIT",
      "optional": true,
      "os": [
        "linux"
      ],
      "engines": {
        "node": "^20.19.0 || >=22.12.0"
      }
    },
    "node_modules/@oxfmt/binding-linux-riscv64-gnu": {
      "version": "0.63.0",
      "resolved": "https://registry.npmjs.org/@oxfmt/binding-linux-riscv64-gnu/-/binding-linux-riscv64-gnu-0.63.0.tgz",
      "integrity": "sha512-7sIgfLzqtNKSkMGsGVyRpHwpjNezRg2XONvUOheFZs95TSZpM0JAuPpA8KrQFsWc4wPU95roX2O69JgH8igOgw==",
      "cpu": [
        "riscv64"
      ],
      "dev": true,
      "libc": [
        "glibc"
      ],
      "license": "MIT",
      "optional": true,
      "os": [
        "linux"
      ],
      "engines": {
        "node": "^20.19.0 || >=22.12.0"
      }
    },
    "node_modules/@oxfmt/binding-linux-riscv64-musl": {
      "version": "0.63.0",
      "resolved": "https://registry.npmjs.org/@oxfmt/binding-linux-riscv64-musl/-/binding-linux-riscv64-musl-0.63.0.tgz",
      "integrity": "sha512-9Tcg0y0WcVa6Mm9AgcgFMseDS+VkFJZpKZ8We9SpDY4gg5jewSwln+0sO04QLcTS1BtfDl9MwR+NfID8L7PUTg==",
      "cpu": [
        "riscv64"
      ],
      "dev": true,
      "libc": [
        "musl"
      ],
      "license": "MIT",
      "optional": true,
      "os": [
        "linux"
      ],
      "engines": {
        "node": "^20.19.0 || >=22.12.0"
      }
    },
    "node_modules/@oxfmt/binding-linux-s390x-gnu": {
      "version": "0.63.0",
      "resolved": "https://registry.npmjs.org/@oxfmt/binding-linux-s390x-gnu/-/binding-linux-s390x-gnu-0.63.0.tgz",
      "integrity": "sha512-qWKC1pEOpx1qYhXaugPhHUeXwSfqEOk2wJH2LqVXGPV5iQYfdAZdt+d2XDiX4DTSWA2QDMUcFB+wEORh3Xn/sA==",
      "cpu": [
        "s390x"
      ],
      "dev": true,
      "libc": [
        "glibc"
      ],
      "license": "MIT",
      "optional": true,
      "os": [
        "linux"
      ],
      "engines": {
        "node": "^20.19.0 || >=22.12.0"
      }
    },
    "node_modules/@oxfmt/binding-linux-x64-gnu": {
      "version": "0.63.0",
      "resolved": "https://registry.npmjs.org/@oxfmt/binding-linux-x64-gnu/-/binding-linux-x64-gnu-0.63.0.tgz",
      "integrity": "sha512-S9wXYOiGSqYGS4Fx/TFsY+xDd/7dE5s+rUgbA4TsHiVF9e8J3ZcKmP7dsP/7iqLI9Wz7Ic7TzEr3mdthRCTdrA==",
      "cpu": [
        "x64"
      ],
      "dev": true,
      "libc": [
        "glibc"
      ],
      "license": "MIT",
      "optional": true,
      "os": [
        "linux"
      ],
      "engines": {
        "node": "^20.19.0 || >=22.12.0"
      }
    },
    "node_modules/@oxfmt/binding-linux-x64-musl": {
      "version": "0.63.0",
      "resolved": "https://registry.npmjs.org/@oxfmt/binding-linux-x64-musl/-/binding-linux-x64-musl-0.63.0.tgz",
      "integrity": "sha512-5eGyTJuMZNwBSHCivXt8Yuta6GeTYksOPXRk2MIhajiyFGQx7bjaHIwY+ZusAoFHhT157A9x6sktLjYo9D5oMQ==",
      "cpu": [
        "x64"
      ],
      "dev": true,
      "libc": [
        "musl"
      ],
      "license": "MIT",
      "optional": true,
      "os": [
        "linux"
      ],
      "engines": {
        "node": "^20.19.0 || >=22.12.0"
      }
    },
    "node_modules/@oxfmt/binding-openharmony-arm64": {
      "version": "0.63.0",
      "resolved": "https://registry.npmjs.org/@oxfmt/binding-openharmony-arm64/-/binding-openharmony-arm64-0.63.0.tgz",
      "integrity": "sha512-Rz7hx+Dv3DoW/S6pwVAyjfFXp7/trdQ1zg+vNmsdsdDNlUccugp4XNqambSuEAeP0DaG9k72AtNyfDXCEg0AGw==",
      "cpu": [
        "arm64"
      ],
      "dev": true,
      "license": "MIT",
      "optional": true,
      "os": [
        "openharmony"
      ],
      "engines": {
        "node": "^20.19.0 || >=22.12.0"
      }
    },
    "node_modules/@oxfmt/binding-win32-arm64-msvc": {
      "version": "0.63.0",
      "resolved": "https://registry.npmjs.org/@oxfmt/binding-win32-arm64-msvc/-/binding-win32-arm64-msvc-0.63.0.tgz",
      "integrity": "sha512-T/IuizKN9mr4Xw6YYnptkXRNdLkyIlUZ7c8zfTOBpoytZyJ1BAsMUvsMDEx0X4YvSMpaivm+DR8112rQfzC25g==",
      "cpu": [
        "arm64"
      ],
      "dev": true,
      "license": "MIT",
      "optional": true,
      "os": [
        "win32"
      ],
      "engines": {
        "node": "^20.19.0 || >=22.12.0"
      }
    },
    "node_modules/@oxfmt/binding-win32-ia32-msvc": {
      "version": "0.63.0",
      "resolved": "https://registry.npmjs.org/@oxfmt/binding-win32-ia32-msvc/-/binding-win32-ia32-msvc-0.63.0.tgz",
      "integrity": "sha512-XjrO5FJ5Wl9vsAxtCP1G/eaeT6y1K2s9CICUHGE42cEjou32/J6S+B1KnrOAboj6E7uhJnwPbRSvznWcxNdA0g==",
      "cpu": [
        "ia32"
      ],
      "dev": true,
      "license": "MIT",
      "optional": true,
      "os": [
        "win32"
      ],
      "engines": {
        "node": "^20.19.0 || >=22.12.0"
      }
    },
    "node_modules/@oxfmt/binding-win32-x64-msvc": {
      "version": "0.63.0",
      "resolved": "https://registry.npmjs.org/@oxfmt/binding-win32-x64-msvc/-/binding-win32-x64-msvc-0.63.0.tgz",
      "integrity": "sha512-sgsHCQy432OTQH4Ikk3tZptp3GqwnhwUDuY0loBH41zyHWfMZY9v8Dy78wsnSofHejvFozZGgJgBB1A0LQRwMQ==",
      "cpu": [
        "x64"
      ],
      "dev": true,
      "license": "MIT",
      "optional": true,
      "os": [
        "win32"
      ],
      "engines": {
        "node": "^20.19.0 || >=22.12.0"
      }
    },
    "node_modules/@oxlint/binding-android-arm-eabi": {
      "version": "1.78.0",
      "resolved": "https://registry.npmjs.org/@oxlint/binding-android-arm-eabi/-/binding-android-arm-eabi-1.78.0.tgz",
      "integrity": "sha512-Bu819lmAfZMUHErrpe0cEWj3iaefuUODHSU8+UbXy67V/r7/7f4K3FL0NmbD85E+wiFLDYuhP8Zlv0XnVeXshw==",
      "cpu": [
        "arm"
      ],
      "dev": true,
      "license": "MIT",
      "optional": true,
      "os": [
        "android"
      ],
      "engines": {
        "node": "^20.19.0 || >=22.12.0"
      }
    },
    "node_modules/@oxlint/binding-android-arm64": {
      "version": "1.78.0",
      "resolved": "https://registry.npmjs.org/@oxlint/binding-android-arm64/-/binding-android-arm64-1.78.0.tgz",
      "integrity": "sha512-CDfxZgB61B7buRdY2FJoAYYPPXCZ1EoC1LKscnC5dg3kjobdxiconvAvvN1BmHyW4PyFT3jRLDag/BY/roSNBQ==",
      "cpu": [
        "arm64"
      ],
      "dev": true,
      "license": "MIT",
      "optional": true,
      "os": [
        "android"
      ],
      "engines": {
        "node": "^20.19.0 || >=22.12.0"
      }
    },
    "node_modules/@oxlint/binding-darwin-arm64": {
      "version": "1.78.0",
      "resolved": "https://registry.npmjs.org/@oxlint/binding-darwin-arm64/-/binding-darwin-arm64-1.78.0.tgz",
      "integrity": "sha512-2Y2U9Ahrz+OO0Ej88f9SJYq51/jUBp1Mc7iZu0ukrbeeZ3gpRGfzIFnoqfHDY96xr0GEfNrPUBFEy0nN5aD7HA==",
      "cpu": [
        "arm64"
      ],
      "dev": true,
      "license": "MIT",
      "optional": true,
      "os": [
        "darwin"
      ],
      "engines": {
        "node": "^20.19.0 || >=22.12.0"
      }
    },
    "node_modules/@oxlint/binding-darwin-x64": {
      "version": "1.78.0",
      "resolved": "https://registry.npmjs.org/@oxlint/binding-darwin-x64/-/binding-darwin-x64-1.78.0.tgz",
      "integrity": "sha512-rpych6eJq6m9jDRypTEaPD1xysaEW5h9+xuxhGK/QhOg+/xaqPZrCrTNoIl/f3nEjuJeCEmstNDlrE9rJi/3/g==",
      "cpu": [
        "x64"
      ],
      "dev": true,
      "license": "MIT",
      "optional": true,
      "os": [
        "darwin"
      ],
      "engines": {
        "node": "^20.19.0 || >=22.12.0"
      }
    },
    "node_modules/@oxlint/binding-freebsd-x64": {
      "version": "1.78.0",
      "resolved": "https://registry.npmjs.org/@oxlint/binding-freebsd-x64/-/binding-freebsd-x64-1.78.0.tgz",
      "integrity": "sha512-IcMGrQT3QizkOESUJd5et+rOhVqSkNDfNik1cvrKDqIbzqx9KMtRswpFgkCuNTSwylCFLKhGUu8KmqY1ZnC0Dg==",
      "cpu": [
        "x64"
      ],
      "dev": true,
      "license": "MIT",
      "optional": true,
      "os": [
        "freebsd"
      ],
      "engines": {
        "node": "^20.19.0 || >=22.12.0"
      }
    },
    "node_modules/@oxlint/binding-linux-arm-gnueabihf": {
      "version": "1.78.0",
      "resolved": "https://registry.npmjs.org/@oxlint/binding-linux-arm-gnueabihf/-/binding-linux-arm-gnueabihf-1.78.0.tgz",
      "integrity": "sha512-/uLdoJ0IXE6vo/0f0LKjinQAp+re+VMaCWaNT8ENIv2EOCkSsc8SGaflXAuW0Jua2dq5+GLVWm1NQK7P3UFSNQ==",
      "cpu": [
        "arm"
      ],
      "dev": true,
      "license": "MIT",
      "optional": true,
      "os": [
        "linux"
      ],
      "engines": {
        "node": "^20.19.0 || >=22.12.0"
      }
    },
    "node_modules/@oxlint/binding-linux-arm-musleabihf": {
      "version": "1.78.0",
      "resolved": "https://registry.npmjs.org/@oxlint/binding-linux-arm-musleabihf/-/binding-linux-arm-musleabihf-1.78.0.tgz",
      "integrity": "sha512-7xi4Wb/O8NRJhLoUXmDJMUVpNYvB5kefdhFU1Jb8rtae4QoXlTiLwI14X4YvAXVZLNZChP8m5qO9SQAlWQTbkQ==",
      "cpu": [
        "arm"
      ],
      "dev": true,
      "license": "MIT",
      "optional": true,
      "os": [
        "linux"
      ],
      "engines": {
        "node": "^20.19.0 || >=22.12.0"
      }
    },
    "node_modules/@oxlint/binding-linux-arm64-gnu": {
      "version": "1.78.0",
      "resolved": "https://registry.npmjs.org/@oxlint/binding-linux-arm64-gnu/-/binding-linux-arm64-gnu-1.78.0.tgz",
      "integrity": "sha512-4hFW0+fVXa3OIh1Y4A5SPkmvI4wuuBSrCVKzOyE7PTjhc7yEqZ1pmvEEeS5Lj/MaqvegFxXyF33N+6jkehxdyg==",
      "cpu": [
        "arm64"
      ],
      "dev": true,
      "libc": [
        "glibc"
      ],
      "license": "MIT",
      "optional": true,
      "os": [
        "linux"
      ],
      "engines": {
        "node": "^20.19.0 || >=22.12.0"
      }
    },
    "node_modules/@oxlint/binding-linux-arm64-musl": {
      "version": "1.78.0",
      "resolved": "https://registry.npmjs.org/@oxlint/binding-linux-arm64-musl/-/binding-linux-arm64-musl-1.78.0.tgz",
      "integrity": "sha512-oC0mvsgBJjlMijSDEhx9KuvR9zYeHXceA9MjbuXB1F8NSR78Yj2unOBrstEvTVaq+pko+kuue6DajC00eqvTdg==",
      "cpu": [
        "arm64"
      ],
      "dev": true,
      "libc": [
        "musl"
      ],
      "license": "MIT",
      "optional": true,
      "os": [
        "linux"
      ],
      "engines": {
        "node": "^20.19.0 || >=22.12.0"
      }
    },
    "node_modules/@oxlint/binding-linux-ppc64-gnu": {
      "version": "1.78.0",
      "resolved": "https://registry.npmjs.org/@oxlint/binding-linux-ppc64-gnu/-/binding-linux-ppc64-gnu-1.78.0.tgz",
      "integrity": "sha512-XAllT5SUZS+ohjuZ3/5S0cwe0r7eboiuigeStCZ5DXRYx/2KVM2UvQXvAfyzXEimtQjAB7cDQ2YxDe2Zl2WNQQ==",
      "cpu": [
        "ppc64"
      ],
      "dev": true,
      "libc": [
        "glibc"
      ],
      "license": "MIT",
      "optional": true,
      "os": [
        "linux"
      ],
      "engines": {
        "node": "^20.19.0 || >=22.12.0"
      }
    },
    "node_modules/@oxlint/binding-linux-riscv64-gnu": {
      "version": "1.78.0",
      "resolved": "https://registry.npmjs.org/@oxlint/binding-linux-riscv64-gnu/-/binding-linux-riscv64-gnu-1.78.0.tgz",
      "integrity": "sha512-trucMER/0QtecoXvc1y/UVqE3kwJipDwrx4oHfj+nNm3dq2zjP44WT0CfHNDPM3G1DXIkx/gY6lAD21NSCZVhA==",
      "cpu": [
        "riscv64"
      ],
      "dev": true,
      "libc": [
        "glibc"
      ],
      "license": "MIT",
      "optional": true,
      "os": [
        "linux"
      ],
      "engines": {
        "node": "^20.19.0 || >=22.12.0"
      }
    },
    "node_modules/@oxlint/binding-linux-riscv64-musl": {
      "version": "1.78.0",
      "resolved": "https://registry.npmjs.org/@oxlint/binding-linux-riscv64-musl/-/binding-linux-riscv64-musl-1.78.0.tgz",
      "integrity": "sha512-cm3O4F/HQbdzOUX5mKHqG5KDL6E5w0pnlZ+fbBy2rmLryPOowkuLagFHTopQsEIpjcaZoPOrL+BmmAytAG9HFg==",
      "cpu": [
        "riscv64"
      ],
      "dev": true,
      "libc": [
        "musl"
      ],
      "license": "MIT",
      "optional": true,
      "os": [
        "linux"
      ],
      "engines": {
        "node": "^20.19.0 || >=22.12.0"
      }
    },
    "node_modules/@oxlint/binding-linux-s390x-gnu": {
      "version": "1.78.0",
      "resolved": "https://registry.npmjs.org/@oxlint/binding-linux-s390x-gnu/-/binding-linux-s390x-gnu-1.78.0.tgz",
      "integrity": "sha512-33wRf6HqGNsybJ3qX4cGaQN2ODPxNmc1rMa0mrTmx3eFq1VzOnvQooi9bIGVYakW8a/wmqVx1mgsUm8R2xfTiw==",
      "cpu": [
        "s390x"
      ],
      "dev": true,
      "libc": [
        "glibc"
      ],
      "license": "MIT",
      "optional": true,
      "os": [
        "linux"
      ],
      "engines": {
        "node": "^20.19.0 || >=22.12.0"
      }
    },
    "node_modules/@oxlint/binding-linux-x64-gnu": {
      "version": "1.78.0",
      "resolved": "https://registry.npmjs.org/@oxlint/binding-linux-x64-gnu/-/binding-linux-x64-gnu-1.78.0.tgz",
      "integrity": "sha512-rRdISSYegj6VganMZ9tjRjijowfHJ09IZU01i0toBAqr6n5LEtwHq2IeS4FjW2RoskOHlb6efB26H5izYb3GEQ==",
      "cpu": [
        "x64"
      ],
      "dev": true,
      "libc": [
        "glibc"
      ],
      "license": "MIT",
      "optional": true,
      "os": [
        "linux"
      ],
      "engines": {
        "node": "^20.19.0 || >=22.12.0"
      }
    },
    "node_modules/@oxlint/binding-linux-x64-musl": {
      "version": "1.78.0",
      "resolved": "https://registry.npmjs.org/@oxlint/binding-linux-x64-musl/-/binding-linux-x64-musl-1.78.0.tgz",
      "integrity": "sha512-GmsP4rW0xTL6u5CVdcDsaN5Fbc7hBc382Wmar1kttbnwSEviM+rSINKOMQ+UQ6iH+AGwC+8gaAiwu134Tgh6Lg==",
      "cpu": [
        "x64"
      ],
      "dev": true,
      "libc": [
        "musl"
      ],
      "license": "MIT",
      "optional": true,
      "os": [
        "linux"
      ],
      "engines": {
        "node": "^20.19.0 || >=22.12.0"
      }
    },
    "node_modules/@oxlint/binding-openharmony-arm64": {
      "version": "1.78.0",
      "resolved": "https://registry.npmjs.org/@oxlint/binding-openharmony-arm64/-/binding-openharmony-arm64-1.78.0.tgz",
      "integrity": "sha512-sy9yeYuADc8a+n4TLBayzMCZiHPW78DcIFVpOXTmdKHWQeM9xe5uzkqIIZmi326D5hY9XVwacipEB1p7tQjPAg==",
      "cpu": [
        "arm64"
      ],
      "dev": true,
      "license": "MIT",
      "optional": true,
      "os": [
        "openharmony"
      ],
      "engines": {
        "node": "^20.19.0 || >=22.12.0"
      }
    },
    "node_modules/@oxlint/binding-win32-arm64-msvc": {
      "version": "1.78.0",
      "resolved": "https://registry.npmjs.org/@oxlint/binding-win32-arm64-msvc/-/binding-win32-arm64-msvc-1.78.0.tgz",
      "integrity": "sha512-rjc2hF1KfMi8fZj1X/m3AmnHbdsF3rL0v6KQg0Uc880Yb2khjz+3U14sfdZ7jWTpRnN1m1NQa/TT7uU9lJWPrA==",
      "cpu": [
        "arm64"
      ],
      "dev": true,
      "license": "MIT",
      "optional": true,
      "os": [
        "win32"
      ],
      "engines": {
        "node": "^20.19.0 || >=22.12.0"
      }
    },
    "node_modules/@oxlint/binding-win32-ia32-msvc": {
      "version": "1.78.0",
      "resolved": "https://registry.npmjs.org/@oxlint/binding-win32-ia32-msvc/-/binding-win32-ia32-msvc-1.78.0.tgz",
      "integrity": "sha512-zcuXFVrEFHIafRfkCQT8w/Xe41o07ozl/vwHq7p94vB29xVzsB0sZGYORU1jhcYKv3Lr0J3HbJ2T4fHH5rWmvA==",
      "cpu": [
        "ia32"
      ],
      "dev": true,
      "license": "MIT",
      "optional": true,
      "os": [
        "win32"
      ],
      "engines": {
        "node": "^20.19.0 || >=22.12.0"
      }
    },
    "node_modules/@oxlint/binding-win32-x64-msvc": {
      "version": "1.78.0",
      "resolved": "https://registry.npmjs.org/@oxlint/binding-win32-x64-msvc/-/binding-win32-x64-msvc-1.78.0.tgz",
      "integrity": "sha512-Sb5ocmLSuYeOuXd+CFOToGKp/gjXUEWDnvIGwhnh8aq8wY4TMmEnKnvbogSW7RdMZv77JSARduS7/gv+khYEjA==",
      "cpu": [
        "x64"
      ],
      "dev": true,
      "license": "MIT",
      "optional": true,
      "os": [
        "win32"
      ],
      "engines": {
        "node": "^20.19.0 || >=22.12.0"
      }
    },
    "node_modules/balanced-match": {
      "version": "4.0.4",
      "resolved": "https://registry.npmjs.org/balanced-match/-/balanced-match-4.0.4.tgz",
      "integrity": "sha512-BLrgEcRTwX2o6gGxGOCNyMvGSp35YofuYzw9h1IMTRmKqttAZZVU67bdb9Pr2vUHA8+j3i2tJfjO6C6+4myGTA==",
      "dev": true,
      "license": "MIT",
      "engines": {
        "node": "18 || 20 || >=22"
      }
    },
    "node_modules/brace-expansion": {
      "version": "5.0.9",
      "resolved": "https://registry.npmjs.org/brace-expansion/-/brace-expansion-5.0.9.tgz",
      "integrity": "sha512-ScQ4IuvIEF1TMlP7Zt+vjJ//9zlPb2SDcxWxM3bk8s6t6GGdJ7KO1dCcTidOPJKePW30LE/2cT7wCyPho9/Wxg==",
      "dev": true,
      "license": "MIT",
      "dependencies": {
        "balanced-match": "^4.0.2"
      },
      "engines": {
        "node": "20 || >=22"
      }
    },
    "node_modules/citty": {
      "version": "0.2.2",
      "resolved": "https://registry.npmjs.org/citty/-/citty-0.2.2.tgz",
      "integrity": "sha512-+6vJA3L98yv+IdfKGZHBNiGW5KHn22e/JwID0Strsz8h4S/csAu/OuICwxrg44k5MRiZHWIo8XXuJgQTriRP4w==",
      "dev": true,
      "license": "MIT"
    },
    "node_modules/commander": {
      "version": "15.0.0",
      "resolved": "https://registry.npmjs.org/commander/-/commander-15.0.0.tgz",
      "integrity": "sha512-z67u4ZhzCL/Tydu1lJARtEZYWbWaN7oYLHbsuzocr6y4N6WZAagG3RQ4FW61V1/0+jImpj293XfrcYnd1qxtPg==",
      "dev": true,
      "license": "MIT",
      "engines": {
        "node": ">=22.12.0"
      }
    },
    "node_modules/cross-spawn": {
      "version": "7.0.6",
      "resolved": "https://registry.npmjs.org/cross-spawn/-/cross-spawn-7.0.6.tgz",
      "integrity": "sha512-uV2QOWP2nWzsy2aMp8aRibhi9dlzF5Hgh5SHaB9OiTGEyDTiJJyx0uy51QXdyWbtAHNua4XJzUKca3OzKUd3vA==",
      "dev": true,
      "license": "MIT",
      "dependencies": {
        "path-key": "^3.1.0",
        "shebang-command": "^2.0.0",
        "which": "^2.0.1"
      },
      "engines": {
        "node": ">= 8"
      }
    },
    "node_modules/deepmerge": {
      "version": "4.3.1",
      "resolved": "https://registry.npmjs.org/deepmerge/-/deepmerge-4.3.1.tgz",
      "integrity": "sha512-3sUqbMEc77XqpdNO7FRyRog+eW3ph+GYCbj+rK+uYyRMuwsVy0rMiVtPn+QJlKFvWP/1PYpapqYn0Me2knFn+A==",
      "dev": true,
      "license": "MIT",
      "engines": {
        "node": ">=0.10.0"
      }
    },
    "node_modules/fast-string-truncated-width": {
      "version": "3.0.3",
      "resolved": "https://registry.npmjs.org/fast-string-truncated-width/-/fast-string-truncated-width-3.0.3.tgz",
      "integrity": "sha512-0jjjIEL6+0jag3l2XWWizO64/aZVtpiGE3t0Zgqxv0DPuxiMjvB3M24fCyhZUO4KomJQPj3LTSUnDP3GpdwC0g==",
      "dev": true,
      "license": "MIT"
    },
    "node_modules/fast-string-width": {
      "version": "3.0.2",
      "resolved": "https://registry.npmjs.org/fast-string-width/-/fast-string-width-3.0.2.tgz",
      "integrity": "sha512-gX8LrtNEI5hq8DVUfRQMbr5lpaS4nMIWV+7XEbXk2b8kiQIizgnlr12B4dA3ZEx3308ze0O4Q1R+cHts8kyUJg==",
      "dev": true,
      "license": "MIT",
      "dependencies": {
        "fast-string-truncated-width": "^3.0.2"
      }
    },
    "node_modules/fast-wrap-ansi": {
      "version": "0.2.2",
      "resolved": "https://registry.npmjs.org/fast-wrap-ansi/-/fast-wrap-ansi-0.2.2.tgz",
      "integrity": "sha512-7F2Fl+TjRSenLqlU3UjSH0iyqopqoZIu7eZVpEirP2g1GtWa2G/ecEmBdgz31+Mxr+ELclgg6sokpSFIQiZ02Q==",
      "dev": true,
      "license": "MIT",
      "dependencies": {
        "fast-string-width": "^3.0.2"
      }
    },
    "node_modules/glob": {
      "version": "13.0.6",
      "resolved": "https://registry.npmjs.org/glob/-/glob-13.0.6.tgz",
      "integrity": "sha512-Wjlyrolmm8uDpm/ogGyXZXb1Z+Ca2B8NbJwqBVg0axK9GbBeoS7yGV6vjXnYdGm6X53iehEuxxbyiKp8QmN4Vw==",
      "dev": true,
      "license": "BlueOak-1.0.0",
      "dependencies": {
        "minimatch": "^10.2.2",
        "minipass": "^7.1.3",
        "path-scurry": "^2.0.2"
      },
      "engines": {
        "node": "18 || 20 || >=22"
      },
      "funding": {
        "url": "https://github.com/sponsors/isaacs"
      }
    },
    "node_modules/isexe": {
      "version": "2.0.0",
      "resolved": "https://registry.npmjs.org/isexe/-/isexe-2.0.0.tgz",
      "integrity": "sha512-RHxMLp9lnKHGHRng9QFhRCMbYAcVpn69smSGcq3f36xjgVVWThj4qqLbTLlq7Ssj8B+fIQ1EuCEGI2lKsyQeIw==",
      "dev": true,
      "license": "ISC"
    },
    "node_modules/jsonc-parser": {
      "version": "3.3.1",
      "resolved": "https://registry.npmjs.org/jsonc-parser/-/jsonc-parser-3.3.1.tgz",
      "integrity": "sha512-HUgH65KyejrUFPvHFPbqOY0rsFip3Bo5wb4ngvdi1EpCYWUQDC5V+Y7mZws+DLkr4M//zQJoanu1SP+87Dv1oQ==",
      "dev": true,
      "license": "MIT"
    },
    "node_modules/lru-cache": {
      "version": "11.5.2",
      "resolved": "https://registry.npmjs.org/lru-cache/-/lru-cache-11.5.2.tgz",
      "integrity": "sha512-4pfM1Ff0x50o0tQwb5ucw/RzNyD0/YJME6IVcStalZuMWxdt3sR3huStTtxz4PUmvZfRguvDejasvQ2kifR11g==",
      "dev": true,
      "license": "BlueOak-1.0.0",
      "engines": {
        "node": "20 || >=22"
      }
    },
    "node_modules/minimatch": {
      "version": "10.2.6",
      "resolved": "https://registry.npmjs.org/minimatch/-/minimatch-10.2.6.tgz",
      "integrity": "sha512-vpLQEs+VLCr1nU0BXS07maYoFwlDAH0gngQuuttxIwutDFEMHq2blX+8vpgxDdK3J1PwjCJiep77OitTZ4Ll1A==",
      "dev": true,
      "license": "BlueOak-1.0.0",
      "dependencies": {
        "brace-expansion": "^5.0.8"
      },
      "engines": {
        "node": "18 || 20 || >=22"
      },
      "funding": {
        "url": "https://github.com/sponsors/isaacs"
      }
    },
    "node_modules/minipass": {
      "version": "7.1.3",
      "resolved": "https://registry.npmjs.org/minipass/-/minipass-7.1.3.tgz",
      "integrity": "sha512-tEBHqDnIoM/1rXME1zgka9g6Q2lcoCkxHLuc7ODJ5BxbP5d4c2Z5cGgtXAku59200Cx7diuHTOYfSBD8n6mm8A==",
      "dev": true,
      "license": "BlueOak-1.0.0",
      "engines": {
        "node": ">=16 || 14 >=14.17"
      }
    },
    "node_modules/nypm": {
      "version": "0.6.9",
      "resolved": "https://registry.npmjs.org/nypm/-/nypm-0.6.9.tgz",
      "integrity": "sha512-zxlE2yvSWZWmHcNdT3+5zV2lrCogeE9YOklHrR3dFjqutq5wO7GFDYLFDRXLsYnJzwvy/im9fYoxePvS0VTW0w==",
      "dev": true,
      "license": "MIT",
      "dependencies": {
        "citty": "^0.2.2",
        "pathe": "^2.0.3",
        "tinyexec": "^1.2.4"
      },
      "bin": {
        "nypm": "dist/cli.mjs"
      },
      "engines": {
        "node": ">=18"
      }
    },
    "node_modules/oxfmt": {
      "version": "0.63.0",
      "resolved": "https://registry.npmjs.org/oxfmt/-/oxfmt-0.63.0.tgz",
      "integrity": "sha512-kgdDwv35wvVf6554U2Ab8Jnd0zTM+TsEQWwaB70RAjK3gICFAFGO+2Hd3Be27GMoXj3XRL9IKSNRVl7KBQL6iw==",
      "dev": true,
      "license": "MIT",
      "dependencies": {
        "tinypool": "2.1.0"
      },
      "bin": {
        "oxfmt": "bin/oxfmt"
      },
      "engines": {
        "node": "^20.19.0 || >=22.12.0"
      },
      "funding": {
        "url": "https://github.com/sponsors/Boshen"
      },
      "optionalDependencies": {
        "@oxfmt/binding-android-arm-eabi": "0.63.0",
        "@oxfmt/binding-android-arm64": "0.63.0",
        "@oxfmt/binding-darwin-arm64": "0.63.0",
        "@oxfmt/binding-darwin-x64": "0.63.0",
        "@oxfmt/binding-freebsd-x64": "0.63.0",
        "@oxfmt/binding-linux-arm-gnueabihf": "0.63.0",
        "@oxfmt/binding-linux-arm-musleabihf": "0.63.0",
        "@oxfmt/binding-linux-arm64-gnu": "0.63.0",
        "@oxfmt/binding-linux-arm64-musl": "0.63.0",
        "@oxfmt/binding-linux-ppc64-gnu": "0.63.0",
        "@oxfmt/binding-linux-riscv64-gnu": "0.63.0",
        "@oxfmt/binding-linux-riscv64-musl": "0.63.0",
        "@oxfmt/binding-linux-s390x-gnu": "0.63.0",
        "@oxfmt/binding-linux-x64-gnu": "0.63.0",
        "@oxfmt/binding-linux-x64-musl": "0.63.0",
        "@oxfmt/binding-openharmony-arm64": "0.63.0",
        "@oxfmt/binding-win32-arm64-msvc": "0.63.0",
        "@oxfmt/binding-win32-ia32-msvc": "0.63.0",
        "@oxfmt/binding-win32-x64-msvc": "0.63.0"
      },
      "peerDependencies": {
        "svelte": "^5.0.0",
        "vite-plus": "*"
      },
      "peerDependenciesMeta": {
        "svelte": {
          "optional": true
        },
        "vite-plus": {
          "optional": true
        }
      }
    },
    "node_modules/oxlint": {
      "version": "1.78.0",
      "resolved": "https://registry.npmjs.org/oxlint/-/oxlint-1.78.0.tgz",
      "integrity": "sha512-QgQePuxIqKOzo1KSjG2EnITEeWvWnKAm77eq8nrMtf6AGoA+zyGc4PFYtDNJSD25g/ibOwfQ851hZ4/SPkMVoA==",
      "dev": true,
      "license": "MIT",
      "bin": {
        "oxlint": "bin/oxlint"
      },
      "engines": {
        "node": "^20.19.0 || >=22.12.0"
      },
      "funding": {
        "url": "https://github.com/sponsors/Boshen"
      },
      "optionalDependencies": {
        "@oxlint/binding-android-arm-eabi": "1.78.0",
        "@oxlint/binding-android-arm64": "1.78.0",
        "@oxlint/binding-darwin-arm64": "1.78.0",
        "@oxlint/binding-darwin-x64": "1.78.0",
        "@oxlint/binding-freebsd-x64": "1.78.0",
        "@oxlint/binding-linux-arm-gnueabihf": "1.78.0",
        "@oxlint/binding-linux-arm-musleabihf": "1.78.0",
        "@oxlint/binding-linux-arm64-gnu": "1.78.0",
        "@oxlint/binding-linux-arm64-musl": "1.78.0",
        "@oxlint/binding-linux-ppc64-gnu": "1.78.0",
        "@oxlint/binding-linux-riscv64-gnu": "1.78.0",
        "@oxlint/binding-linux-riscv64-musl": "1.78.0",
        "@oxlint/binding-linux-s390x-gnu": "1.78.0",
        "@oxlint/binding-linux-x64-gnu": "1.78.0",
        "@oxlint/binding-linux-x64-musl": "1.78.0",
        "@oxlint/binding-openharmony-arm64": "1.78.0",
        "@oxlint/binding-win32-arm64-msvc": "1.78.0",
        "@oxlint/binding-win32-ia32-msvc": "1.78.0",
        "@oxlint/binding-win32-x64-msvc": "1.78.0"
      },
      "peerDependencies": {
        "oxlint-tsgolint": ">=7.0.2001",
        "vite-plus": "*"
      },
      "peerDependenciesMeta": {
        "oxlint-tsgolint": {
          "optional": true
        },
        "vite-plus": {
          "optional": true
        }
      }
    },
    "node_modules/path-key": {
      "version": "3.1.1",
      "resolved": "https://registry.npmjs.org/path-key/-/path-key-3.1.1.tgz",
      "integrity": "sha512-ojmeN0qd+y0jszEtoY48r0Peq5dwMEkIlCOu6Q5f41lfkswXuKtYrhgoTpLnyIcHm24Uhqx+5Tqm2InSwLhE6Q==",
      "dev": true,
      "license": "MIT",
      "engines": {
        "node": ">=8"
      }
    },
    "node_modules/path-scurry": {
      "version": "2.0.2",
      "resolved": "https://registry.npmjs.org/path-scurry/-/path-scurry-2.0.2.tgz",
      "integrity": "sha512-3O/iVVsJAPsOnpwWIeD+d6z/7PmqApyQePUtCndjatj/9I5LylHvt5qluFaBT3I5h3r1ejfR056c+FCv+NnNXg==",
      "dev": true,
      "license": "BlueOak-1.0.0",
      "dependencies": {
        "lru-cache": "^11.0.0",
        "minipass": "^7.1.2"
      },
      "engines": {
        "node": "18 || 20 || >=22"
      },
      "funding": {
        "url": "https://github.com/sponsors/isaacs"
      }
    },
    "node_modules/pathe": {
      "version": "2.0.3",
      "resolved": "https://registry.npmjs.org/pathe/-/pathe-2.0.3.tgz",
      "integrity": "sha512-WUjGcAqP1gQacoQe+OBJsFA7Ld4DyXuUIjZ5cc75cLHvJ7dtNsTugphxIADwspS+AraAUePCKrSVtPLFj/F88w==",
      "dev": true,
      "license": "MIT"
    },
    "node_modules/shebang-command": {
      "version": "2.0.0",
      "resolved": "https://registry.npmjs.org/shebang-command/-/shebang-command-2.0.0.tgz",
      "integrity": "sha512-kHxr2zZpYtdmrN1qDjrrX/Z1rR1kG8Dx+gkpK1G4eXmvXswmcE1hTWBWYUzlraYw1/yZp6YuDY77YtvbN0dmDA==",
      "dev": true,
      "license": "MIT",
      "dependencies": {
        "shebang-regex": "^3.0.0"
      },
      "engines": {
        "node": ">=8"
      }
    },
    "node_modules/shebang-regex": {
      "version": "3.0.0",
      "resolved": "https://registry.npmjs.org/shebang-regex/-/shebang-regex-3.0.0.tgz",
      "integrity": "sha512-7++dFhtcx3353uBaq8DDR4NuxBetBzC7ZQOhmTQInHEd6bSrXdiEyzCvG07Z44UYdLShWUyXt5M/yhz8ekcb1A==",
      "dev": true,
      "license": "MIT",
      "engines": {
        "node": ">=8"
      }
    },
    "node_modules/sisteransi": {
      "version": "1.0.5",
      "resolved": "https://registry.npmjs.org/sisteransi/-/sisteransi-1.0.5.tgz",
      "integrity": "sha512-bLGGlR1QxBcynn2d5YmDX4MGjlZvy2MRBDRNHLJ8VI6l6+9FUiyTFNJ0IveOSP0bcXgVDPRcfGqA0pjaqUpfVg==",
      "dev": true,
      "license": "MIT"
    },
    "node_modules/tinyexec": {
      "version": "1.3.0",
      "resolved": "https://registry.npmjs.org/tinyexec/-/tinyexec-1.3.0.tgz",
      "integrity": "sha512-QKAl9m8gWWGHV8jZcPeym6j+XULi6tOf1mT83WYJ4Lk2ytW/uwAWkrP0uFsdoYMdueVJ0qs26wZ+23xeB4ibNQ==",
      "dev": true,
      "license": "MIT",
      "engines": {
        "node": ">=18"
      }
    },
    "node_modules/tinypool": {
      "version": "2.1.0",
      "resolved": "https://registry.npmjs.org/tinypool/-/tinypool-2.1.0.tgz",
      "integrity": "sha512-Pugqs6M0m7Lv1I7FtxN4aoyToKg1C4tu+/381vH35y8oENM/Ai7f7C4StcoK4/+BSw9ebcS8jRiVrORFKCALLw==",
      "dev": true,
      "license": "MIT",
      "engines": {
        "node": "^20.0.0 || >=22.0.0"
      }
    },
    "node_modules/ultracite": {
      "version": "7.10.2",
      "resolved": "https://registry.npmjs.org/ultracite/-/ultracite-7.10.2.tgz",
      "integrity": "sha512-WP1Hu/BKy/BDgntaiU33uq2Y8hKL2gEO5li2wfg7XFvmlyIkGDEy8qbWg7GHsxTEjEpWOAKpyFSF8aqc3JNEGQ==",
      "dev": true,
      "license": "MIT",
      "dependencies": {
        "@clack/prompts": "^1.5.1",
        "commander": "^15.0.0",
        "cross-spawn": "^7.0.6",
        "deepmerge": "^4.3.1",
        "glob": "^13.0.6",
        "jsonc-parser": "^3.3.1",
        "nypm": "^0.6.6",
        "yaml": "^2.9.0",
        "zod": "^4.4.3"
      },
      "bin": {
        "ultracite": "dist/index.js"
      },
      "peerDependencies": {
        "oxfmt": ">=0.1.0",
        "oxlint": "^1.0.0"
      },
      "peerDependenciesMeta": {
        "oxfmt": {
          "optional": true
        },
        "oxlint": {
          "optional": true
        }
      }
    },
    "node_modules/which": {
      "version": "2.0.2",
      "resolved": "https://registry.npmjs.org/which/-/which-2.0.2.tgz",
      "integrity": "sha512-BLI3Tl1TW3Pvl70l3yq3Y64i+awpwXqsGBYWkkqMtnbXgrMD+yj7rhW0kuEDxzJaYXGjEW5ogapKNMEKNMjibA==",
      "dev": true,
      "license": "ISC",
      "dependencies": {
        "isexe": "^2.0.0"
      },
      "bin": {
        "node-which": "bin/node-which"
      },
      "engines": {
        "node": ">= 8"
      }
    },
    "node_modules/yaml": {
      "version": "2.9.0",
      "resolved": "https://registry.npmjs.org/yaml/-/yaml-2.9.0.tgz",
      "integrity": "sha512-2AvhNX3mb8zd6Zy7INTtSpl1F15HW6Wnqj0srWlkKLcpYl/gMIMJiyuGq2KeI2YFxUPjdlB+3Lc10seMLtL4cA==",
      "dev": true,
      "license": "ISC",
      "bin": {
        "yaml": "bin.mjs"
      },
      "engines": {
        "node": ">= 14.6"
      },
      "funding": {
        "url": "https://github.com/sponsors/eemeli"
      }
    },
    "node_modules/zod": {
      "version": "4.4.3",
      "resolved": "https://registry.npmjs.org/zod/-/zod-4.4.3.tgz",
      "integrity": "sha512-ytENFjIJFl2UwYglde2jchW2Hwm4GJFLDiSXWdTrJQBIN9Fcyp7n4DhxJEiWNAJMV1/BqWfW/kkg71UDcHJyTQ==",
      "dev": true,
      "license": "MIT",
      "funding": {
        "url": "https://github.com/sponsors/colinhacks"
      }
    }
  }
}
